
Microsoft Visual Studio Solution File, Format Version 12.00
# Visual Studio Version 16
VisualStudioVersion = 16.0.31321.278
MinimumVisualStudioVersion = 10.0.40219.1
Project("{FAE04EC0-301F-11D3-BF4B-00C04F79EFBC}") = "Generics", "Generics\Generics.csproj", "{63DC7091-192C-445A-8576-A476783B89D0}"
EndProject
Global
	GlobalSection(SolutionConfigurationPlatforms) = preSolution
		Debug|Any CPU = Debug|Any CPU
		Release|Any CPU = Release|Any CPU
	EndGlobalSection
	GlobalSection(ProjectConfigurationPlatforms) = postSolution
		{63DC7091-192C-445A-8576-A476783B89D0}.Debug|Any CPU.ActiveCfg = Debug|Any CPU
		{63DC7091-192C-445A-8576-A476783B89D0}.Debug|Any CPU.Build.0 = Debug|Any CPU
		{63DC7091-192C-445A-8576-A476783B89D0}.Release|Any CPU.ActiveCfg = Release|Any CPU
		{63DC7091-192C-445A-8576-A476783B89D0}.Release|Any CPU.Build.0 = Release|Any CPU
	EndGlobalSection
	GlobalSection(SolutionProperties) = preSolution
		HideSolutionNode = FALSE
	EndGlobalSection
	GlobalSection(ExtensibilityGlobals) = postSolution
		SolutionGuid = {D9E99812-A5B3-47EA-90EE-EB9C1DFE7357}
	EndGlobalSection
EndGlobal
